// !$*UTF8*$!
{
	archiveVersion = 1;
	classes = {
	};
	objectVersion = 46;
	objects = {

/* Begin PBXBuildFile section */
		0CA65CDD1F614BB75695BA81 /* AudioToolbox.framework in Frameworks */ = {isa = PBXBuildFile; fileRef = 05EBE68C264FAC6FE81FC6F5 /* AudioToolbox.framework */; };
		22A16E70DEDE00EC07395FBD /* SystemConfiguration.framework in Frameworks */ = {isa = PBXBuildFile; fileRef = 98AC62E71A77066B0706AC52 /* SystemConfiguration.framework */; };
		3E9E00E51EB7461BE5EAE3A8 /* MobileCoreServices.framework in Frameworks */ = {isa = PBXBuildFile; fileRef = D4205213F730B5C006FAC241 /* MobileCoreServices.framework */; };
		4275DCDD1CC4BD0100C67777 /* uexDownloadHelper.m in Sources */ = {isa = PBXBuildFile; fileRef = 4275DCDC1CC4BD0100C67777 /* uexDownloadHelper.m */; };
		4287EC0B1CC0787900EBD876 /* AFNetworking.framework in Frameworks */ = {isa = PBXBuildFile; fileRef = 4287EC0A1CC0787900EBD876 /* AFNetworking.framework */; };
		4287EC0E1CC0793400EBD876 /* EUExDownloaderMgr.m in Sources */ = {isa = PBXBuildFile; fileRef = 4287EC0D1CC0793400EBD876 /* EUExDownloaderMgr.m */; };
		4287EC141CC098EB00EBD876 /* uexDownloader.m in Sources */ = {isa = PBXBuildFile; fileRef = 4287EC131CC098EB00EBD876 /* uexDownloader.m */; };
		42E406F61CF96DEE001E10E7 /* AFNetworking.framework in Resources */ = {isa = PBXBuildFile; fileRef = 4287EC0A1CC0787900EBD876 /* AFNetworking.framework */; };
		479EFD6EBCA2DE8B5198B008 /* AppCanEngine.framework in Frameworks */ = {isa = PBXBuildFile; fileRef = 4EA06C69D0A2671311376A72 /* AppCanEngine.framework */; };
		550391D1A1FD501D8A4104F1 /* UIKit.framework in Frameworks */ = {isa = PBXBuildFile; fileRef = 5EEE7DFD86CACC662AB20D6C /* UIKit.framework */; };
		5A9FF2511890B0A400E16C52 /* Foundation.framework in Frameworks */ = {isa = PBXBuildFile; fileRef = 5A9FF2501890B0A400E16C52 /* Foundation.framework */; };
		7EB1B154F9C5170B3B08E632 /* CFNetWork.framework in Frameworks */ = {isa = PBXBuildFile; fileRef = 5E4ECFED1E28D2F2D13E34F4 /* CFNetWork.framework */; };
		8B4BE11B65A4FAA4C9DA3575 /* libz.tbd in Frameworks */ = {isa = PBXBuildFile; fileRef = 9D0E771DA3AC69E813803642 /* libz.tbd */; };
		8EA0256FEBCC2F8B1FB9A20E /* MapKit.framework in Frameworks */ = {isa = PBXBuildFile; fileRef = 4E9E37119ADC7C9C632E9957 /* MapKit.framework */; };
		9B7ACEC3B83AFE1F47A80E98 /* libsqlite3.tbd in Frameworks */ = {isa = PBXBuildFile; fileRef = 317A404A6C610CFE0D075C5C /* libsqlite3.tbd */; };
		B2A497BCC5E5ADD751B34FF6 /* ImageIO.framework in Frameworks */ = {isa = PBXBuildFile; fileRef = 5A543B812ADFEDDB927F129C /* ImageIO.framework */; };
		CB60AD160684ED54B6696437 /* CoreGraphics.framework in Frameworks */ = {isa = PBXBuildFile; fileRef = FA7ED63521472D5C13BB6985 /* CoreGraphics.framework */; };
		D2F4F702F8D7C3C8EB8B2C37 /* QuartzCore.framework in Frameworks */ = {isa = PBXBuildFile; fileRef = 71A9D5B47382C2B0AE167AE1 /* QuartzCore.framework */; };
		D64C4E28546059016595EA64 /* libc++.tbd in Frameworks */ = {isa = PBXBuildFile; fileRef = CF757634CB76F4D028604401 /* libc++.tbd */; };
		EB5A4F807DA8230DDD25A975 /* libstdc++.tbd in Frameworks */ = {isa = PBXBuildFile; fileRef = 1FD053F713D4C75D490C06F3 /* libstdc++.tbd */; };
/* End PBXBuildFile section */

/* Begin PBXFileReference section */
		05EBE68C264FAC6FE81FC6F5 /* AudioToolbox.framework */ = {isa = PBXFileReference; fileEncoding = 4; lastKnownFileType = wrapper.framework; name = AudioToolbox.framework; path = System/Library/Frameworks/AudioToolbox.framework; sourceTree = SDKROOT; };
		1FD053F713D4C75D490C06F3 /* libstdc++.tbd */ = {isa = PBXFileReference; fileEncoding = 4; lastKnownFileType = archive.ar; name = "libstdc++.tbd"; path = "usr/lib/libstdc++.tbd"; sourceTree = SDKROOT; };
		317A404A6C610CFE0D075C5C /* libsqlite3.tbd */ = {isa = PBXFileReference; fileEncoding = 4; lastKnownFileType = archive.ar; name = libsqlite3.tbd; path = usr/lib/libsqlite3.tbd; sourceTree = SDKROOT; };
		4242C7EC1CD3549C00A5A845 /* BUtility.h */ = {isa = PBXFileReference; fileEncoding = 4; lastKnownFileType = sourcecode.c.h; path = BUtility.h; sourceTree = "<group>"; };
		4275DCDB1CC4BD0100C67777 /* uexDownloadHelper.h */ = {isa = PBXFileReference; fileEncoding = 4; lastKnownFileType = sourcecode.c.h; path = uexDownloadHelper.h; sourceTree = "<group>"; };
		4275DCDC1CC4BD0100C67777 /* uexDownloadHelper.m */ = {isa = PBXFileReference; fileEncoding = 4; lastKnownFileType = sourcecode.c.objc; path = uexDownloadHelper.m; sourceTree = "<group>"; };
		4287EC0A1CC0787900EBD876 /* AFNetworking.framework */ = {isa = PBXFileReference; lastKnownFileType = wrapper.framework; path = AFNetworking.framework; sourceTree = "<group>"; };
		4287EC0C1CC0793400EBD876 /* EUExDownloaderMgr.h */ = {isa = PBXFileReference; fileEncoding = 4; lastKnownFileType = sourcecode.c.h; path = EUExDownloaderMgr.h; sourceTree = "<group>"; };
		4287EC0D1CC0793400EBD876 /* EUExDownloaderMgr.m */ = {isa = PBXFileReference; fileEncoding = 4; lastKnownFileType = sourcecode.c.objc; path = EUExDownloaderMgr.m; sourceTree = "<group>"; };
		4287EC121CC098EB00EBD876 /* uexDownloader.h */ = {isa = PBXFileReference; fileEncoding = 4; lastKnownFileType = sourcecode.c.h; path = uexDownloader.h; sourceTree = "<group>"; };
		4287EC131CC098EB00EBD876 /* uexDownloader.m */ = {isa = PBXFileReference; fileEncoding = 4; lastKnownFileType = sourcecode.c.objc; path = uexDownloader.m; sourceTree = "<group>"; };
		4287EC5C1CC2179100EBD876 /* EXTScope.h */ = {isa = PBXFileReference; fileEncoding = 4; lastKnownFileType = sourcecode.c.h; path = EXTScope.h; sourceTree = "<group>"; };
		4287EC5E1CC2179100EBD876 /* metamacros.h */ = {isa = PBXFileReference; fileEncoding = 4; lastKnownFileType = sourcecode.c.h; path = metamacros.h; sourceTree = "<group>"; };
		42E406F81CF96E5D001E10E7 /* ACEArgsPacking.h */ = {isa = PBXFileReference; fileEncoding = 4; lastKnownFileType = sourcecode.c.h; path = ACEArgsPacking.h; sourceTree = "<group>"; };
		42E406F91CF96E5D001E10E7 /* ACEAvailable.h */ = {isa = PBXFileReference; fileEncoding = 4; lastKnownFileType = sourcecode.c.h; path = ACEAvailable.h; sourceTree = "<group>"; };
		42E406FA1CF96E5D001E10E7 /* ACEEXTScope.h */ = {isa = PBXFileReference; fileEncoding = 4; lastKnownFileType = sourcecode.c.h; path = ACEEXTScope.h; sourceTree = "<group>"; };
		42E406FB1CF96E5D001E10E7 /* ACEMetamacros.h */ = {isa = PBXFileReference; fileEncoding = 4; lastKnownFileType = sourcecode.c.h; path = ACEMetamacros.h; sourceTree = "<group>"; };
		42E406FC1CF96E5D001E10E7 /* ACEUtils.h */ = {isa = PBXFileReference; fileEncoding = 4; lastKnownFileType = sourcecode.c.h; path = ACEUtils.h; sourceTree = "<group>"; };
		4E9E37119ADC7C9C632E9957 /* MapKit.framework */ = {isa = PBXFileReference; fileEncoding = 4; lastKnownFileType = wrapper.framework; name = MapKit.framework; path = System/Library/Frameworks/MapKit.framework; sourceTree = SDKROOT; };
		4EA06C69D0A2671311376A72 /* AppCanEngine.framework */ = {isa = PBXFileReference; fileEncoding = 4; lastKnownFileType = wrapper.framework; name = AppCanEngine.framework; path = "../../../AppCanPluginTools-iOS/resource/IDEPluginProjectPackageResource/AppCanEngine.framework"; sourceTree = "<group>"; };
		5A543B812ADFEDDB927F129C /* ImageIO.framework */ = {isa = PBXFileReference; fileEncoding = 4; lastKnownFileType = wrapper.framework; name = ImageIO.framework; path = System/Library/Frameworks/ImageIO.framework; sourceTree = SDKROOT; };
		5A9FF24D1890B0A400E16C52 /* uexDownloaderMgr.framework */ = {isa = PBXFileReference; explicitFileType = archive.ar; includeInIndex = 0; path = uexDownloaderMgr.framework; sourceTree = BUILT_PRODUCTS_DIR; };
		5A9FF2501890B0A400E16C52 /* Foundation.framework */ = {isa = PBXFileReference; lastKnownFileType = wrapper.framework; name = Foundation.framework; path = System/Library/Frameworks/Foundation.framework; sourceTree = SDKROOT; };
		5A9FF2541890B0A400E16C52 /* EUExDownloaderMgr-Prefix.pch */ = {isa = PBXFileReference; lastKnownFileType = sourcecode.c.h; path = "EUExDownloaderMgr-Prefix.pch"; sourceTree = "<group>"; };
		5A9FF2771890B13300E16C52 /* EUExBase.h */ = {isa = PBXFileReference; fileEncoding = 4; lastKnownFileType = sourcecode.c.h; path = EUExBase.h; sourceTree = "<group>"; };
		5A9FF2791890B13300E16C52 /* EUtility.h */ = {isa = PBXFileReference; fileEncoding = 4; lastKnownFileType = sourcecode.c.h; path = EUtility.h; sourceTree = "<group>"; };
		5A9FF28C1890B13300E16C52 /* JSON.h */ = {isa = PBXFileReference; fileEncoding = 4; lastKnownFileType = sourcecode.c.h; path = JSON.h; sourceTree = "<group>"; };
		5A9FF28D1890B13300E16C52 /* NSObject+SBJSON.h */ = {isa = PBXFileReference; fileEncoding = 4; lastKnownFileType = sourcecode.c.h; path = "NSObject+SBJSON.h"; sourceTree = "<group>"; };
		5A9FF28E1890B13300E16C52 /* NSString+SBJSON.h */ = {isa = PBXFileReference; fileEncoding = 4; lastKnownFileType = sourcecode.c.h; path = "NSString+SBJSON.h"; sourceTree = "<group>"; };
		5A9FF28F1890B13300E16C52 /* SBJSON.h */ = {isa = PBXFileReference; fileEncoding = 4; lastKnownFileType = sourcecode.c.h; path = SBJSON.h; sourceTree = "<group>"; };
		5A9FF2901890B13300E16C52 /* SBJsonBase.h */ = {isa = PBXFileReference; fileEncoding = 4; lastKnownFileType = sourcecode.c.h; path = SBJsonBase.h; sourceTree = "<group>"; };
		5A9FF2911890B13300E16C52 /* SBJsonParser.h */ = {isa = PBXFileReference; fileEncoding = 4; lastKnownFileType = sourcecode.c.h; path = SBJsonParser.h; sourceTree = "<group>"; };
		5A9FF2921890B13300E16C52 /* SBJsonWriter.h */ = {isa = PBXFileReference; fileEncoding = 4; lastKnownFileType = sourcecode.c.h; path = SBJsonWriter.h; sourceTree = "<group>"; };
		5E4ECFED1E28D2F2D13E34F4 /* CFNetWork.framework */ = {isa = PBXFileReference; fileEncoding = 4; lastKnownFileType = wrapper.framework; name = CFNetWork.framework; path = System/Library/Frameworks/CFNetWork.framework; sourceTree = SDKROOT; };
		5EEE7DFD86CACC662AB20D6C /* UIKit.framework */ = {isa = PBXFileReference; fileEncoding = 4; lastKnownFileType = wrapper.framework; name = UIKit.framework; path = System/Library/Frameworks/UIKit.framework; sourceTree = SDKROOT; };
		6BE803F03D3F6C13AEC3A7C7 /* info.plist */ = {isa = PBXFileReference; fileEncoding = 4; lastKnownFileType = text.plist.strings; name = info.plist; path = "../../../AppCanPluginTools-iOS/resource/IDEPluginProjectPackageResource/info.plist"; sourceTree = "<group>"; };
		71A9D5B47382C2B0AE167AE1 /* QuartzCore.framework */ = {isa = PBXFileReference; fileEncoding = 4; lastKnownFileType = wrapper.framework; name = QuartzCore.framework; path = System/Library/Frameworks/QuartzCore.framework; sourceTree = SDKROOT; };
		7627CEE31BFC10CD00DB16BC /* EBrowserController.h */ = {isa = PBXFileReference; lastKnownFileType = sourcecode.c.h; path = EBrowserController.h; sourceTree = "<group>"; };
		7627CEE41BFC10E300DB16BC /* WWidgetMgr.h */ = {isa = PBXFileReference; lastKnownFileType = sourcecode.c.h; path = WWidgetMgr.h; sourceTree = "<group>"; };
		7683B9561B33F01400B2BE29 /* EBrowserView.h */ = {isa = PBXFileReference; lastKnownFileType = sourcecode.c.h; path = EBrowserView.h; sourceTree = "<group>"; };
		7683B9571B33F03C00B2BE29 /* WWidget.h */ = {isa = PBXFileReference; lastKnownFileType = sourcecode.c.h; path = WWidget.h; sourceTree = "<group>"; };
		7683B9581B33F04700B2BE29 /* WidgetOneDelegate.h */ = {isa = PBXFileReference; lastKnownFileType = sourcecode.c.h; path = WidgetOneDelegate.h; sourceTree = "<group>"; };
		98AC62E71A77066B0706AC52 /* SystemConfiguration.framework */ = {isa = PBXFileReference; fileEncoding = 4; lastKnownFileType = wrapper.framework; name = SystemConfiguration.framework; path = System/Library/Frameworks/SystemConfiguration.framework; sourceTree = SDKROOT; };
		9D0E771DA3AC69E813803642 /* libz.tbd */ = {isa = PBXFileReference; fileEncoding = 4; lastKnownFileType = archive.ar; name = libz.tbd; path = usr/lib/libz.tbd; sourceTree = SDKROOT; };
		CF757634CB76F4D028604401 /* libc++.tbd */ = {isa = PBXFileReference; fileEncoding = 4; lastKnownFileType = archive.ar; name = "libc++.tbd"; path = "usr/lib/libc++.tbd"; sourceTree = SDKROOT; };
		D4205213F730B5C006FAC241 /* MobileCoreServices.framework */ = {isa = PBXFileReference; fileEncoding = 4; lastKnownFileType = wrapper.framework; name = MobileCoreServices.framework; path = System/Library/Frameworks/MobileCoreServices.framework; sourceTree = SDKROOT; };
		FA7ED63521472D5C13BB6985 /* CoreGraphics.framework */ = {isa = PBXFileReference; fileEncoding = 4; lastKnownFileType = wrapper.framework; name = CoreGraphics.framework; path = System/Library/Frameworks/CoreGraphics.framework; sourceTree = SDKROOT; };
/* End PBXFileReference section */

/* Begin PBXFrameworksBuildPhase section */
		5A9FF24A1890B0A400E16C52 /* Frameworks */ = {
			isa = PBXFrameworksBuildPhase;
			buildActionMask = 2147483647;
			files = (
				5A9FF2511890B0A400E16C52 /* Foundation.framework in Frameworks */,
				4287EC0B1CC0787900EBD876 /* AFNetworking.framework in Frameworks */,
				8EA0256FEBCC2F8B1FB9A20E /* MapKit.framework in Frameworks */,
				0CA65CDD1F614BB75695BA81 /* AudioToolbox.framework in Frameworks */,
				22A16E70DEDE00EC07395FBD /* SystemConfiguration.framework in Frameworks */,
				B2A497BCC5E5ADD751B34FF6 /* ImageIO.framework in Frameworks */,
				7EB1B154F9C5170B3B08E632 /* CFNetWork.framework in Frameworks */,
				3E9E00E51EB7461BE5EAE3A8 /* MobileCoreServices.framework in Frameworks */,
				550391D1A1FD501D8A4104F1 /* UIKit.framework in Frameworks */,
				CB60AD160684ED54B6696437 /* CoreGraphics.framework in Frameworks */,
				D2F4F702F8D7C3C8EB8B2C37 /* QuartzCore.framework in Frameworks */,
				D64C4E28546059016595EA64 /* libc++.tbd in Frameworks */,
				EB5A4F807DA8230DDD25A975 /* libstdc++.tbd in Frameworks */,
				9B7ACEC3B83AFE1F47A80E98 /* libsqlite3.tbd in Frameworks */,
				8B4BE11B65A4FAA4C9DA3575 /* libz.tbd in Frameworks */,
				479EFD6EBCA2DE8B5198B008 /* AppCanEngine.framework in Frameworks */,
			);
			runOnlyForDeploymentPostprocessing = 0;
		};
/* End PBXFrameworksBuildPhase section */

/* Begin PBXGroup section */
		37E6744D56F8DFDAB31E9142 /* AppCanEngine */ = {
			isa = PBXGroup;
			children = (
				4EA06C69D0A2671311376A72 /* AppCanEngine.framework */,
				6BE803F03D3F6C13AEC3A7C7 /* info.plist */,
			);
			path = AppCanEngine;
			sourceTree = "<group>";
		};
		42E406F71CF96E5D001E10E7 /* ACEUtils */ = {
			isa = PBXGroup;
			children = (
				42E406F81CF96E5D001E10E7 /* ACEArgsPacking.h */,
				42E406F91CF96E5D001E10E7 /* ACEAvailable.h */,
				42E406FA1CF96E5D001E10E7 /* ACEEXTScope.h */,
				42E406FB1CF96E5D001E10E7 /* ACEMetamacros.h */,
				42E406FC1CF96E5D001E10E7 /* ACEUtils.h */,
			);
			path = ACEUtils;
			sourceTree = "<group>";
		};
		5A9FF2441890B0A400E16C52 = {
			isa = PBXGroup;
			children = (
				5A9FF2521890B0A400E16C52 /* EUExDownloaderMgr */,
				5A9FF24F1890B0A400E16C52 /* Frameworks */,
				5A9FF24E1890B0A400E16C52 /* Products */,
				931AC123097B842026F8E938 /* IDE-Frameworks */,
				37E6744D56F8DFDAB31E9142 /* AppCanEngine */,
			);
			sourceTree = "<group>";
		};
		5A9FF24E1890B0A400E16C52 /* Products */ = {
			isa = PBXGroup;
			children = (
				5A9FF24D1890B0A400E16C52 /* uexDownloaderMgr.framework */,
			);
			name = Products;
			sourceTree = "<group>";
		};
		5A9FF24F1890B0A400E16C52 /* Frameworks */ = {
			isa = PBXGroup;
			children = (
				5A9FF2501890B0A400E16C52 /* Foundation.framework */,
			);
			name = Frameworks;
			sourceTree = "<group>";
		};
		5A9FF2521890B0A400E16C52 /* EUExDownloaderMgr */ = {
			isa = PBXGroup;
			children = (
				42E406F71CF96E5D001E10E7 /* ACEUtils */,
				5A9FF2761890B13300E16C52 /* engineHeader */,
				5A9FF27A1890B13300E16C52 /* sourceCode */,
				5A9FF2531890B0A400E16C52 /* Supporting Files */,
				4287EC0C1CC0793400EBD876 /* EUExDownloaderMgr.h */,
				4287EC0D1CC0793400EBD876 /* EUExDownloaderMgr.m */,
			);
			path = EUExDownloaderMgr;
			sourceTree = "<group>";
		};
		5A9FF2531890B0A400E16C52 /* Supporting Files */ = {
			isa = PBXGroup;
			children = (
				5A9FF2541890B0A400E16C52 /* EUExDownloaderMgr-Prefix.pch */,
			);
			name = "Supporting Files";
			sourceTree = "<group>";
		};
		5A9FF2761890B13300E16C52 /* engineHeader */ = {
			isa = PBXGroup;
			children = (
				4242C7EC1CD3549C00A5A845 /* BUtility.h */,
				4287EC5C1CC2179100EBD876 /* EXTScope.h */,
				4287EC5E1CC2179100EBD876 /* metamacros.h */,
				7627CEE41BFC10E300DB16BC /* WWidgetMgr.h */,
				7627CEE31BFC10CD00DB16BC /* EBrowserController.h */,
				7683B9581B33F04700B2BE29 /* WidgetOneDelegate.h */,
				7683B9571B33F03C00B2BE29 /* WWidget.h */,
				7683B9561B33F01400B2BE29 /* EBrowserView.h */,
				5A9FF2771890B13300E16C52 /* EUExBase.h */,
				5A9FF2791890B13300E16C52 /* EUtility.h */,
			);
			path = engineHeader;
			sourceTree = "<group>";
		};
		5A9FF27A1890B13300E16C52 /* sourceCode */ = {
			isa = PBXGroup;
			children = (
				4287EC0A1CC0787900EBD876 /* AFNetworking.framework */,
				5A9FF28B1890B13300E16C52 /* JSON */,
				4287EC121CC098EB00EBD876 /* uexDownloader.h */,
				4287EC131CC098EB00EBD876 /* uexDownloader.m */,
				4275DCDB1CC4BD0100C67777 /* uexDownloadHelper.h */,
				4275DCDC1CC4BD0100C67777 /* uexDownloadHelper.m */,
			);
			path = sourceCode;
			sourceTree = "<group>";
		};
		5A9FF28B1890B13300E16C52 /* JSON */ = {
			isa = PBXGroup;
			children = (
				5A9FF28C1890B13300E16C52 /* JSON.h */,
				5A9FF28D1890B13300E16C52 /* NSObject+SBJSON.h */,
				5A9FF28E1890B13300E16C52 /* NSString+SBJSON.h */,
				5A9FF28F1890B13300E16C52 /* SBJSON.h */,
				5A9FF2901890B13300E16C52 /* SBJsonBase.h */,
				5A9FF2911890B13300E16C52 /* SBJsonParser.h */,
				5A9FF2921890B13300E16C52 /* SBJsonWriter.h */,
			);
			path = JSON;
			sourceTree = "<group>";
		};
		931AC123097B842026F8E938 /* IDE-Frameworks */ = {
			isa = PBXGroup;
			children = (
				4E9E37119ADC7C9C632E9957 /* MapKit.framework */,
				05EBE68C264FAC6FE81FC6F5 /* AudioToolbox.framework */,
				98AC62E71A77066B0706AC52 /* SystemConfiguration.framework */,
				5A543B812ADFEDDB927F129C /* ImageIO.framework */,
				5E4ECFED1E28D2F2D13E34F4 /* CFNetWork.framework */,
				D4205213F730B5C006FAC241 /* MobileCoreServices.framework */,
				5EEE7DFD86CACC662AB20D6C /* UIKit.framework */,
				FA7ED63521472D5C13BB6985 /* CoreGraphics.framework */,
				71A9D5B47382C2B0AE167AE1 /* QuartzCore.framework */,
				CF757634CB76F4D028604401 /* libc++.tbd */,
				1FD053F713D4C75D490C06F3 /* libstdc++.tbd */,
				317A404A6C610CFE0D075C5C /* libsqlite3.tbd */,
				9D0E771DA3AC69E813803642 /* libz.tbd */,
			);
			path = "IDE-Frameworks";
			sourceTree = "<group>";
		};
/* End PBXGroup section */

/* Begin PBXNativeTarget section */
		5A9FF24C1890B0A400E16C52 /* EUExDownloaderMgr */ = {
			isa = PBXNativeTarget;
			buildConfigurationList = 5A9FF2701890B0A400E16C52 /* Build configuration list for PBXNativeTarget "EUExDownloaderMgr" */;
			buildPhases = (
				5A9FF2491890B0A400E16C52 /* Sources */,
				5A9FF24A1890B0A400E16C52 /* Frameworks */,
				42E406F51CF96DEA001E10E7 /* Resources */,
			);
			buildRules = (
			);
			dependencies = (
			);
			name = EUExDownloaderMgr;
			productName = EUExDownloaderMgr;
			productReference = 5A9FF24D1890B0A400E16C52 /* uexDownloaderMgr.framework */;
			productType = "com.apple.product-type.framework";
		};
/* End PBXNativeTarget section */

/* Begin PBXProject section */
		5A9FF2451890B0A400E16C52 /* Project object */ = {
			isa = PBXProject;
			attributes = {
				LastUpgradeCheck = 0730;
				ORGANIZATIONNAME = xll;
			};
			buildConfigurationList = 5A9FF2481890B0A400E16C52 /* Build configuration list for PBXProject "EUExDownloaderMgrIDE" */;
			compatibilityVersion = "Xcode 3.2";
			developmentRegion = English;
			hasScannedForEncodings = 0;
			knownRegions = (
				en,
			);
			mainGroup = 5A9FF2441890B0A400E16C52;
			productRefGroup = 5A9FF24E1890B0A400E16C52 /* Products */;
			projectDirPath = "";
			projectRoot = "";
			targets = (
				5A9FF24C1890B0A400E16C52 /* EUExDownloaderMgr */,
			);
		};
/* End PBXProject section */

/* Begin PBXResourcesBuildPhase section */
		42E406F51CF96DEA001E10E7 /* Resources */ = {
			isa = PBXResourcesBuildPhase;
			buildActionMask = 2147483647;
			files = (
				42E406F61CF96DEE001E10E7 /* AFNetworking.framework in Resources */,
			);
			runOnlyForDeploymentPostprocessing = 0;
		};
/* End PBXResourcesBuildPhase section */

/* Begin PBXSourcesBuildPhase section */
		5A9FF2491890B0A400E16C52 /* Sources */ = {
			isa = PBXSourcesBuildPhase;
			buildActionMask = 2147483647;
			files = (
				4287EC0E1CC0793400EBD876 /* EUExDownloaderMgr.m in Sources */,
				4275DCDD1CC4BD0100C67777 /* uexDownloadHelper.m in Sources */,
				4287EC141CC098EB00EBD876 /* uexDownloader.m in Sources */,
			);
			runOnlyForDeploymentPostprocessing = 0;
		};
/* End PBXSourcesBuildPhase section */

/* Begin XCBuildConfiguration section */
		5A9FF26E1890B0A400E16C52 /* Debug */ = {
			isa = XCBuildConfiguration;
			buildSettings = {
				ALWAYS_SEARCH_USER_PATHS = NO;
				ARCHS = "$(ARCHS_STANDARD_INCLUDING_64_BIT)";
				CLANG_CXX_LANGUAGE_STANDARD = "gnu++0x";
				CLANG_CXX_LIBRARY = "libc++";
				CLANG_ENABLE_MODULES = YES;
				CLANG_ENABLE_OBJC_ARC = YES;
				CLANG_WARN_BOOL_CONVERSION = YES;
				CLANG_WARN_CONSTANT_CONVERSION = YES;
				CLANG_WARN_DIRECT_OBJC_ISA_USAGE = YES_ERROR;
				CLANG_WARN_EMPTY_BODY = YES;
				CLANG_WARN_ENUM_CONVERSION = YES;
				CLANG_WARN_INT_CONVERSION = YES;
				CLANG_WARN_OBJC_ROOT_CLASS = YES_ERROR;
				CLANG_WARN__DUPLICATE_METHOD_MATCH = YES;
				COPY_PHASE_STRIP = NO;
				DEBUG_INFORMATION_FORMAT = dwarf;
				GCC_C_LANGUAGE_STANDARD = gnu99;
				GCC_DYNAMIC_NO_PIC = NO;
				GCC_OPTIMIZATION_LEVEL = 0;
				GCC_PREPROCESSOR_DEFINITIONS = (
					"DEBUG=1",
					"$(inherited)",
				);
				GCC_SYMBOLS_PRIVATE_EXTERN = NO;
				GCC_WARN_64_TO_32_BIT_CONVERSION = YES;
				GCC_WARN_ABOUT_RETURN_TYPE = YES_ERROR;
				GCC_WARN_UNDECLARED_SELECTOR = YES;
				GCC_WARN_UNINITIALIZED_AUTOS = YES;
				GCC_WARN_UNUSED_FUNCTION = YES;
				GCC_WARN_UNUSED_VARIABLE = YES;
				IPHONEOS_DEPLOYMENT_TARGET = 8.0;
				ONLY_ACTIVE_ARCH = YES;
				SDKROOT = iphoneos;
				TARGETED_DEVICE_FAMILY = "1,2";
			};
			name = Debug;
		};
		5A9FF26F1890B0A400E16C52 /* Release */ = {
			isa = XCBuildConfiguration;
			buildSettings = {
				ALWAYS_SEARCH_USER_PATHS = NO;
				ARCHS = "$(ARCHS_STANDARD_INCLUDING_64_BIT)";
				CLANG_CXX_LANGUAGE_STANDARD = "gnu++0x";
				CLANG_CXX_LIBRARY = "libc++";
				CLANG_ENABLE_MODULES = YES;
				CLANG_ENABLE_OBJC_ARC = YES;
				CLANG_WARN_BOOL_CONVERSION = YES;
				CLANG_WARN_CONSTANT_CONVERSION = YES;
				CLANG_WARN_DIRECT_OBJC_ISA_USAGE = YES_ERROR;
				CLANG_WARN_EMPTY_BODY = YES;
				CLANG_WARN_ENUM_CONVERSION = YES;
				CLANG_WARN_INT_CONVERSION = YES;
				CLANG_WARN_OBJC_ROOT_CLASS = YES_ERROR;
				CLANG_WARN__DUPLICATE_METHOD_MATCH = YES;
				COPY_PHASE_STRIP = YES;
				DEBUG_INFORMATION_FORMAT = dwarf;
				ENABLE_NS_ASSERTIONS = NO;
				GCC_C_LANGUAGE_STANDARD = gnu99;
				GCC_WARN_64_TO_32_BIT_CONVERSION = YES;
				GCC_WARN_ABOUT_RETURN_TYPE = YES_ERROR;
				GCC_WARN_UNDECLARED_SELECTOR = YES;
				GCC_WARN_UNINITIALIZED_AUTOS = YES;
				GCC_WARN_UNUSED_FUNCTION = YES;
				GCC_WARN_UNUSED_VARIABLE = YES;
				IPHONEOS_DEPLOYMENT_TARGET = 8.0;
				SDKROOT = iphoneos;
				TARGETED_DEVICE_FAMILY = "1,2";
				VALIDATE_PRODUCT = YES;
			};
			name = Release;
		};
		5A9FF2711890B0A400E16C52 /* Debug */ = {
			isa = XCBuildConfiguration;
			buildSettings = {
				ARCHS = "$(ARCHS_STANDARD)";
				BUNDLE_IDENTIFIER = com.appcan.ide;
				CLANG_ENABLE_OBJC_ARC = YES;
				CODE_SIGN_IDENTITY = "iPhone Distribution: Hangzhou Sea King Biological Technology Co., Ltd.";
				CONFIGURATION_BUILD_DIR = "$(SRCROOT)/uexDownloaderMgr/IDE/";
				DEBUG_INFORMATION_FORMAT = dwarf;
				DEFINES_MODULE = YES;
				DSTROOT = /tmp/EUExDownloaderMgr.dst;
				DYLIB_COMPATIBILITY_VERSION = 1;
				DYLIB_CURRENT_VERSION = 1;
				DYLIB_INSTALL_NAME_BASE = "@rpath";
				ENABLE_BITCODE = NO;
				FRAMEWORK_SEARCH_PATHS = (
					"$(inherited)",
					"$(PROJECT_DIR)/EUExDownloaderMgr/sourceCode",
					"$(PROJECT_DIR)",
					"$(SRCROOT)/../../AppCanPluginTools-iOS/resource/IDEPluginProjectPackageResource",
				);
				GCC_PRECOMPILE_PREFIX_HEADER = YES;
				GCC_PREFIX_HEADER = "EUExDownloaderMgr/EUExDownloaderMgr-Prefix.pch";
				HEADER_SEARCH_PATHS = "$(SRCROOT)/../../AppCanPluginTools-iOS/resource/IDEPluginProjectPackageResource";
				INFOPLIST_FILE = "$(SRCROOT)/../../AppCanPluginTools-iOS/resource/IDEPluginProjectPackageResource/info.plist";
				INSTALL_PATH = "$(LOCAL_LIBRARY_DIR)/Frameworks";
				IPHONEOS_DEPLOYMENT_TARGET = 8.0;
				LD_RUNPATH_SEARCH_PATHS = "$(inherited) @executable_path/Frameworks @executable_path @loader_path/Frameworks @loader_path";
				LIBRARY_SEARCH_PATHS = (
					"$(inherited)",
					"$(SRCROOT)/../../AppCanPluginTools-iOS/resource/IDEPluginProjectPackageResource",
				);
				ONLY_ACTIVE_ARCH = NO;
				OTHER_LDFLAGS = "-ObjC";
				PRODUCT_NAME = uexDownloaderMgr;
				PROVISIONING_PROFILE = "756a3ff2-be53-4d08-862a-c050d0dfa3d9";
				SKIP_INSTALL = YES;
			};
			name = Debug;
		};
		5A9FF2721890B0A400E16C52 /* Release */ = {
			isa = XCBuildConfiguration;
			buildSettings = {
				ARCHS = "$(ARCHS_STANDARD)";
				BUNDLE_IDENTIFIER = com.appcan.ide;
				CLANG_ENABLE_OBJC_ARC = YES;
				CODE_SIGN_IDENTITY = "iPhone Distribution: Hangzhou Sea King Biological Technology Co., Ltd.";
				CONFIGURATION_BUILD_DIR = "$(SRCROOT)/uexDownloaderMgr/IDE/";
				DEBUG_INFORMATION_FORMAT = dwarf;
				DEFINES_MODULE = YES;
				DSTROOT = /tmp/EUExDownloaderMgr.dst;
				DYLIB_COMPATIBILITY_VERSION = 1;
				DYLIB_CURRENT_VERSION = 1;
				DYLIB_INSTALL_NAME_BASE = "@rpath";
				ENABLE_BITCODE = NO;
				FRAMEWORK_SEARCH_PATHS = (
					"$(inherited)",
					"$(PROJECT_DIR)/EUExDownloaderMgr/sourceCode",
					"$(PROJECT_DIR)",
					"$(SRCROOT)/../../AppCanPluginTools-iOS/resource/IDEPluginProjectPackageResource",
				);
				GCC_PRECOMPILE_PREFIX_HEADER = YES;
				GCC_PREFIX_HEADER = "EUExDownloaderMgr/EUExDownloaderMgr-Prefix.pch";
				HEADER_SEARCH_PATHS = "$(SRCROOT)/../../AppCanPluginTools-iOS/resource/IDEPluginProjectPackageResource";
				INFOPLIST_FILE = "$(SRCROOT)/../../AppCanPluginTools-iOS/resource/IDEPluginProjectPackageResource/info.plist";
				INSTALL_PATH = "$(LOCAL_LIBRARY_DIR)/Frameworks";
				IPHONEOS_DEPLOYMENT_TARGET = 8.0;
				LD_RUNPATH_SEARCH_PATHS = "$(inherited) @executable_path/Frameworks @executable_path @loader_path/Frameworks @loader_path";
				LIBRARY_SEARCH_PATHS = (
					"$(inherited)",
					"$(SRCROOT)/../../AppCanPluginTools-iOS/resource/IDEPluginProjectPackageResource",
				);
				ONLY_ACTIVE_ARCH = NO;
				OTHER_LDFLAGS = "-ObjC";
				PRODUCT_NAME = uexDownloaderMgr;
				PROVISIONING_PROFILE = "756a3ff2-be53-4d08-862a-c050d0dfa3d9";
				SKIP_INSTALL = YES;
			};
			name = Release;
		};
/* End XCBuildConfiguration section */

/* Begin XCConfigurationList section */
		5A9FF2481890B0A400E16C52 /* Build configuration list for PBXProject "EUExDownloaderMgrIDE" */ = {
			isa = XCConfigurationList;
			buildConfigurations = (
				5A9FF26E1890B0A400E16C52 /* Debug */,
				5A9FF26F1890B0A400E16C52 /* Release */,
			);
			defaultConfigurationIsVisible = 0;
			defaultConfigurationName = Release;
		};
		5A9FF2701890B0A400E16C52 /* Build configuration list for PBXNativeTarget "EUExDownloaderMgr" */ = {
			isa = XCConfigurationList;
			buildConfigurations = (
				5A9FF2711890B0A400E16C52 /* Debug */,
				5A9FF2721890B0A400E16C52 /* Release */,
			);
			defaultConfigurationIsVisible = 0;
			defaultConfigurationName = Release;
		};
/* End XCConfigurationList section */
	};
	rootObject = 5A9FF2451890B0A400E16C52 /* Project object */;
}
